
Microsoft Visual Studio Solution File, Format Version 12.00
# Visual Studio Version 17
VisualStudioVersion = 17.11.35327.3
MinimumVisualStudioVersion = 10.0.40219.1
Project("{9A19103F-16F7-4668-BE54-9A1E7A4F7556}") = "01_BasicClass", "01_BasicClass\01_BasicClass.csproj", "{BEF26BEF-3EAF-4CDC-9256-5C4D4C42E923}"
EndProject
Project("{9A19103F-16F7-4668-BE54-9A1E7A4F7556}") = "02_Constructor", "02_Constructor\02_Constructor.csproj", "{28089869-8559-4CE1-B030-E441E7647486}"
EndProject
Project("{9A19103F-16F7-4668-BE54-9A1E7A4F7556}") = "03_StaticField", "03_StaticField\03_StaticField.csproj", "{0E3F2A2F-D77B-408B-A46C-76165946C3D3}"
EndProject
Project("{9A19103F-16F7-4668-BE54-9A1E7A4F7556}") = "04_DeepCopy", "04_DeepCopy\04_DeepCopy.csproj", "{0DB9B634-F86D-4F67-9A30-2975DDC76009}"
EndProject
Project("{FAE04EC0-301F-11D3-BF4B-00C04F79EFBC}") = "05_This", "05_This\05_This.csproj", "{6947BDD8-5EB8-4E41-9536-C8FA9BC3C647}"
EndProject
Project("{FAE04EC0-301F-11D3-BF4B-00C04F79EFBC}") = "06_ThisConstructor", "06_ThisConstructor\06_ThisConstructor.csproj", "{EEF25456-895C-42F4-A143-12B5AD14637C}"
EndProject
Project("{FAE04EC0-301F-11D3-BF4B-00C04F79EFBC}") = "07_AccessModifier", "07_AccessModifier\07_AccessModifier.csproj", "{1C92A07E-9A77-4F9F-9711-44C33321C4A6}"
EndProject
Project("{FAE04EC0-301F-11D3-BF4B-00C04F79EFBC}") = "08_Inheritance", "08_Inheritance\08_Inheritance.csproj", "{4374FBDC-7CE0-47A3-91FF-8166D460B722}"
EndProject
Project("{FAE04EC0-301F-11D3-BF4B-00C04F79EFBC}") = "09_TypeCasting", "09_TypeCasting\09_TypeCasting.csproj", "{4955B864-734A-47C1-858E-CC44B4B9FCAE}"
EndProject
Global
	GlobalSection(SolutionConfigurationPlatforms) = preSolution
		Debug|Any CPU = Debug|Any CPU
		Release|Any CPU = Release|Any CPU
	EndGlobalSection
	GlobalSection(ProjectConfigurationPlatforms) = postSolution
		{BEF26BEF-3EAF-4CDC-9256-5C4D4C42E923}.Debug|Any CPU.ActiveCfg = Debug|Any CPU
		{BEF26BEF-3EAF-4CDC-9256-5C4D4C42E923}.Debug|Any CPU.Build.0 = Debug|Any CPU
		{BEF26BEF-3EAF-4CDC-9256-5C4D4C42E923}.Release|Any CPU.ActiveCfg = Release|Any CPU
		{BEF26BEF-3EAF-4CDC-9256-5C4D4C42E923}.Release|Any CPU.Build.0 = Release|Any CPU
		{28089869-8559-4CE1-B030-E441E7647486}.Debug|Any CPU.ActiveCfg = Debug|Any CPU
		{28089869-8559-4CE1-B030-E441E7647486}.Debug|Any CPU.Build.0 = Debug|Any CPU
		{28089869-8559-4CE1-B030-E441E7647486}.Release|Any CPU.ActiveCfg = Release|Any CPU
		{28089869-8559-4CE1-B030-E441E7647486}.Release|Any CPU.Build.0 = Release|Any CPU
		{0E3F2A2F-D77B-408B-A46C-76165946C3D3}.Debug|Any CPU.ActiveCfg = Debug|Any CPU
		{0E3F2A2F-D77B-408B-A46C-76165946C3D3}.Debug|Any CPU.Build.0 = Debug|Any CPU
		{0E3F2A2F-D77B-408B-A46C-76165946C3D3}.Release|Any CPU.ActiveCfg = Release|Any CPU
		{0E3F2A2F-D77B-408B-A46C-76165946C3D3}.Release|Any CPU.Build.0 = Release|Any CPU
		{0DB9B634-F86D-4F67-9A30-2975DDC76009}.Debug|Any CPU.ActiveCfg = Debug|Any CPU
		{0DB9B634-F86D-4F67-9A30-2975DDC76009}.Debug|Any CPU.Build.0 = Debug|Any CPU
		{0DB9B634-F86D-4F67-9A30-2975DDC76009}.Release|Any CPU.ActiveCfg = Release|Any CPU
		{0DB9B634-F86D-4F67-9A30-2975DDC76009}.Release|Any CPU.Build.0 = Release|Any CPU
		{6947BDD8-5EB8-4E41-9536-C8FA9BC3C647}.Debug|Any CPU.ActiveCfg = Debug|Any CPU
		{6947BDD8-5EB8-4E41-9536-C8FA9BC3C647}.Debug|Any CPU.Build.0 = Debug|Any CPU
		{6947BDD8-5EB8-4E41-9536-C8FA9BC3C647}.Release|Any CPU.ActiveCfg = Release|Any CPU
		{6947BDD8-5EB8-4E41-9536-C8FA9BC3C647}.Release|Any CPU.Build.0 = Release|Any CPU
		{EEF25456-895C-42F4-A143-12B5AD14637C}.Debug|Any CPU.ActiveCfg = Debug|Any CPU
		{EEF25456-895C-42F4-A143-12B5AD14637C}.Debug|Any CPU.Build.0 = Debug|Any CPU
		{EEF25456-895C-42F4-A143-12B5AD14637C}.Release|Any CPU.ActiveCfg = Release|Any CPU
		{EEF25456-895C-42F4-A143-12B5AD14637C}.Release|Any CPU.Build.0 = Release|Any CPU
		{1C92A07E-9A77-4F9F-9711-44C33321C4A6}.Debug|Any CPU.ActiveCfg = Debug|Any CPU
		{1C92A07E-9A77-4F9F-9711-44C33321C4A6}.Debug|Any CPU.Build.0 = Debug|Any CPU
		{1C92A07E-9A77-4F9F-9711-44C33321C4A6}.Release|Any CPU.ActiveCfg = Release|Any CPU
		{1C92A07E-9A77-4F9F-9711-44C33321C4A6}.Release|Any CPU.Build.0 = Release|Any CPU
		{4374FBDC-7CE0-47A3-91FF-8166D460B722}.Debug|Any CPU.ActiveCfg = Debug|Any CPU
		{4374FBDC-7CE0-47A3-91FF-8166D460B722}.Debug|Any CPU.Build.0 = Debug|Any CPU
		{4374FBDC-7CE0-47A3-91FF-8166D460B722}.Release|Any CPU.ActiveCfg = Release|Any CPU
		{4374FBDC-7CE0-47A3-91FF-8166D460B722}.Release|Any CPU.Build.0 = Release|Any CPU
		{4955B864-734A-47C1-858E-CC44B4B9FCAE}.Debug|Any CPU.ActiveCfg = Debug|Any CPU
		{4955B864-734A-47C1-858E-CC44B4B9FCAE}.Debug|Any CPU.Build.0 = Debug|Any CPU
		{4955B864-734A-47C1-858E-CC44B4B9FCAE}.Release|Any CPU.ActiveCfg = Release|Any CPU
		{4955B864-734A-47C1-858E-CC44B4B9FCAE}.Release|Any CPU.Build.0 = Release|Any CPU
	EndGlobalSection
	GlobalSection(SolutionProperties) = preSolution
		HideSolutionNode = FALSE
	EndGlobalSection
	GlobalSection(ExtensibilityGlobals) = postSolution
		SolutionGuid = {91B4BC45-A111-4361-9694-59AF4F1F7774}
	EndGlobalSection
EndGlobal
