
Microsoft Visual Studio Solution File, Format Version 12.00
# Visual Studio Version 17
VisualStudioVersion = 17.11.35327.3
MinimumVisualStudioVersion = 10.0.40219.1
Project("{9A19103F-16F7-4668-BE54-9A1E7A4F7556}") = "01_BasicClass", "01_BasicClass\01_BasicClass.csproj", "{BEF26BEF-3EAF-4CDC-9256-5C4D4C42E923}"
EndProject
Project("{9A19103F-16F7-4668-BE54-9A1E7A4F7556}") = "02_Constructor", "02_Constructor\02_Constructor.csproj", "{28089869-8559-4CE1-B030-E441E7647486}"
EndProject
Project("{9A19103F-16F7-4668-BE54-9A1E7A4F7556}") = "03_StaticField", "03_StaticField\03_StaticField.csproj", "{0E3F2A2F-D77B-408B-A46C-76165946C3D3}"
EndProject
Project("{9A19103F-16F7-4668-BE54-9A1E7A4F7556}") = "04_DeepCopy", "04_DeepCopy\04_DeepCopy.csproj", "{0DB9B634-F86D-4F67-9A30-2975DDC76009}"
EndProject
Project("{9A19103F-16F7-4668-BE54-9A1E7A4F7556}") = "05_This", "05_This\05_This.csproj", "{6947BDD8-5EB8-4E41-9536-C8FA9BC3C647}"
EndProject
Project("{9A19103F-16F7-4668-BE54-9A1E7A4F7556}") = "06_ThisConstructor", "06_ThisConstructor\06_ThisConstructor.csproj", "{EEF25456-895C-42F4-A143-12B5AD14637C}"
EndProject
Project("{9A19103F-16F7-4668-BE54-9A1E7A4F7556}") = "07_AccessModifier", "07_AccessModifier\07_AccessModifier.csproj", "{1C92A07E-9A77-4F9F-9711-44C33321C4A6}"
EndProject
Project("{9A19103F-16F7-4668-BE54-9A1E7A4F7556}") = "08_Inheritance", "08_Inheritance\08_Inheritance.csproj", "{4374FBDC-7CE0-47A3-91FF-8166D460B722}"
EndProject
Project("{9A19103F-16F7-4668-BE54-9A1E7A4F7556}") = "09_TypeCasting", "09_TypeCasting\09_TypeCasting.csproj", "{4955B864-734A-47C1-858E-CC44B4B9FCAE}"
EndProject
Project("{9A19103F-16F7-4668-BE54-9A1E7A4F7556}") = "10_Overriding", "10_Overriding\10_Overriding.csproj", "{0EDE7560-9B51-4376-B4AC-4EBECABC2352}"
EndProject
Project("{9A19103F-16F7-4668-BE54-9A1E7A4F7556}") = "11_MethodHiding", "11_MethodHiding\11_MethodHiding.csproj", "{8721E141-FB18-40C0-B1FC-D083CEA7EE5C}"
EndProject
Project("{9A19103F-16F7-4668-BE54-9A1E7A4F7556}") = "12_SealedMethod", "12_SealedMethod\12_SealedMethod.csproj", "{7776C5F5-9781-4F71-94A8-512F0F09B208}"
EndProject
Project("{9A19103F-16F7-4668-BE54-9A1E7A4F7556}") = "13_ReadonlyFields", "13_ReadonlyFields\13_ReadonlyFields.csproj", "{277F3A02-4F05-4223-BFF0-C3A94F8DC286}"
EndProject
Project("{9A19103F-16F7-4668-BE54-9A1E7A4F7556}") = "14_NestedClass", "14_NestedClass\14_NestedClass.csproj", "{C0C75459-CB7A-4947-8905-8199EE7FCF16}"
EndProject
Project("{FAE04EC0-301F-11D3-BF4B-00C04F79EFBC}") = "15_PartialClass", "15_PartialClass\15_PartialClass.csproj", "{A129A38F-425B-46C7-888C-B92E36C21FA5}"
EndProject
Project("{FAE04EC0-301F-11D3-BF4B-00C04F79EFBC}") = "16_ExtensionMethod", "16_ExtensionMethod\16_ExtensionMethod.csproj", "{B32C7750-1E41-482E-8DE5-7DD996E54790}"
EndProject
Project("{FAE04EC0-301F-11D3-BF4B-00C04F79EFBC}") = "17_Structure", "17_Structure\17_Structure.csproj", "{F028893C-6E00-43F6-8322-F2E3579C771C}"
EndProject
Project("{FAE04EC0-301F-11D3-BF4B-00C04F79EFBC}") = "18_ReadonlyStruct", "18_ReadonlyStruct\18_ReadonlyStruct.csproj", "{0D523C80-5CF5-43F2-ADDE-0C0934F82F73}"
EndProject
Project("{FAE04EC0-301F-11D3-BF4B-00C04F79EFBC}") = "19_ReadonlyMethod", "19_ReadonlyMethod\19_ReadonlyMethod.csproj", "{3F8329FD-5988-49A5-A32C-EC7A00E59B95}"
EndProject
Project("{FAE04EC0-301F-11D3-BF4B-00C04F79EFBC}") = "20_Tuple", "20_Tuple\20_Tuple.csproj", "{14C25016-DCA3-4F8C-BFD2-E4275DFC67F7}"
EndProject
Project("{FAE04EC0-301F-11D3-BF4B-00C04F79EFBC}") = "21_PositionalPattern", "21_PositionalPattern\21_PositionalPattern.csproj", "{E6EDD6CC-49E7-418F-9331-F228DBDA3F0D}"
EndProject
Global
	GlobalSection(SolutionConfigurationPlatforms) = preSolution
		Debug|Any CPU = Debug|Any CPU
		Release|Any CPU = Release|Any CPU
	EndGlobalSection
	GlobalSection(ProjectConfigurationPlatforms) = postSolution
		{BEF26BEF-3EAF-4CDC-9256-5C4D4C42E923}.Debug|Any CPU.ActiveCfg = Debug|Any CPU
		{BEF26BEF-3EAF-4CDC-9256-5C4D4C42E923}.Debug|Any CPU.Build.0 = Debug|Any CPU
		{BEF26BEF-3EAF-4CDC-9256-5C4D4C42E923}.Release|Any CPU.ActiveCfg = Release|Any CPU
		{BEF26BEF-3EAF-4CDC-9256-5C4D4C42E923}.Release|Any CPU.Build.0 = Release|Any CPU
		{28089869-8559-4CE1-B030-E441E7647486}.Debug|Any CPU.ActiveCfg = Debug|Any CPU
		{28089869-8559-4CE1-B030-E441E7647486}.Debug|Any CPU.Build.0 = Debug|Any CPU
		{28089869-8559-4CE1-B030-E441E7647486}.Release|Any CPU.ActiveCfg = Release|Any CPU
		{28089869-8559-4CE1-B030-E441E7647486}.Release|Any CPU.Build.0 = Release|Any CPU
		{0E3F2A2F-D77B-408B-A46C-76165946C3D3}.Debug|Any CPU.ActiveCfg = Debug|Any CPU
		{0E3F2A2F-D77B-408B-A46C-76165946C3D3}.Debug|Any CPU.Build.0 = Debug|Any CPU
		{0E3F2A2F-D77B-408B-A46C-76165946C3D3}.Release|Any CPU.ActiveCfg = Release|Any CPU
		{0E3F2A2F-D77B-408B-A46C-76165946C3D3}.Release|Any CPU.Build.0 = Release|Any CPU
		{0DB9B634-F86D-4F67-9A30-2975DDC76009}.Debug|Any CPU.ActiveCfg = Debug|Any CPU
		{0DB9B634-F86D-4F67-9A30-2975DDC76009}.Debug|Any CPU.Build.0 = Debug|Any CPU
		{0DB9B634-F86D-4F67-9A30-2975DDC76009}.Release|Any CPU.ActiveCfg = Release|Any CPU
		{0DB9B634-F86D-4F67-9A30-2975DDC76009}.Release|Any CPU.Build.0 = Release|Any CPU
		{6947BDD8-5EB8-4E41-9536-C8FA9BC3C647}.Debug|Any CPU.ActiveCfg = Debug|Any CPU
		{6947BDD8-5EB8-4E41-9536-C8FA9BC3C647}.Debug|Any CPU.Build.0 = Debug|Any CPU
		{6947BDD8-5EB8-4E41-9536-C8FA9BC3C647}.Release|Any CPU.ActiveCfg = Release|Any CPU
		{6947BDD8-5EB8-4E41-9536-C8FA9BC3C647}.Release|Any CPU.Build.0 = Release|Any CPU
		{EEF25456-895C-42F4-A143-12B5AD14637C}.Debug|Any CPU.ActiveCfg = Debug|Any CPU
		{EEF25456-895C-42F4-A143-12B5AD14637C}.Debug|Any CPU.Build.0 = Debug|Any CPU
		{EEF25456-895C-42F4-A143-12B5AD14637C}.Release|Any CPU.ActiveCfg = Release|Any CPU
		{EEF25456-895C-42F4-A143-12B5AD14637C}.Release|Any CPU.Build.0 = Release|Any CPU
		{1C92A07E-9A77-4F9F-9711-44C33321C4A6}.Debug|Any CPU.ActiveCfg = Debug|Any CPU
		{1C92A07E-9A77-4F9F-9711-44C33321C4A6}.Debug|Any CPU.Build.0 = Debug|Any CPU
		{1C92A07E-9A77-4F9F-9711-44C33321C4A6}.Release|Any CPU.ActiveCfg = Release|Any CPU
		{1C92A07E-9A77-4F9F-9711-44C33321C4A6}.Release|Any CPU.Build.0 = Release|Any CPU
		{4374FBDC-7CE0-47A3-91FF-8166D460B722}.Debug|Any CPU.ActiveCfg = Debug|Any CPU
		{4374FBDC-7CE0-47A3-91FF-8166D460B722}.Debug|Any CPU.Build.0 = Debug|Any CPU
		{4374FBDC-7CE0-47A3-91FF-8166D460B722}.Release|Any CPU.ActiveCfg = Release|Any CPU
		{4374FBDC-7CE0-47A3-91FF-8166D460B722}.Release|Any CPU.Build.0 = Release|Any CPU
		{4955B864-734A-47C1-858E-CC44B4B9FCAE}.Debug|Any CPU.ActiveCfg = Debug|Any CPU
		{4955B864-734A-47C1-858E-CC44B4B9FCAE}.Debug|Any CPU.Build.0 = Debug|Any CPU
		{4955B864-734A-47C1-858E-CC44B4B9FCAE}.Release|Any CPU.ActiveCfg = Release|Any CPU
		{4955B864-734A-47C1-858E-CC44B4B9FCAE}.Release|Any CPU.Build.0 = Release|Any CPU
		{0EDE7560-9B51-4376-B4AC-4EBECABC2352}.Debug|Any CPU.ActiveCfg = Debug|Any CPU
		{0EDE7560-9B51-4376-B4AC-4EBECABC2352}.Debug|Any CPU.Build.0 = Debug|Any CPU
		{0EDE7560-9B51-4376-B4AC-4EBECABC2352}.Release|Any CPU.ActiveCfg = Release|Any CPU
		{0EDE7560-9B51-4376-B4AC-4EBECABC2352}.Release|Any CPU.Build.0 = Release|Any CPU
		{8721E141-FB18-40C0-B1FC-D083CEA7EE5C}.Debug|Any CPU.ActiveCfg = Debug|Any CPU
		{8721E141-FB18-40C0-B1FC-D083CEA7EE5C}.Debug|Any CPU.Build.0 = Debug|Any CPU
		{8721E141-FB18-40C0-B1FC-D083CEA7EE5C}.Release|Any CPU.ActiveCfg = Release|Any CPU
		{8721E141-FB18-40C0-B1FC-D083CEA7EE5C}.Release|Any CPU.Build.0 = Release|Any CPU
		{7776C5F5-9781-4F71-94A8-512F0F09B208}.Debug|Any CPU.ActiveCfg = Debug|Any CPU
		{7776C5F5-9781-4F71-94A8-512F0F09B208}.Debug|Any CPU.Build.0 = Debug|Any CPU
		{7776C5F5-9781-4F71-94A8-512F0F09B208}.Release|Any CPU.ActiveCfg = Release|Any CPU
		{7776C5F5-9781-4F71-94A8-512F0F09B208}.Release|Any CPU.Build.0 = Release|Any CPU
		{277F3A02-4F05-4223-BFF0-C3A94F8DC286}.Debug|Any CPU.ActiveCfg = Debug|Any CPU
		{277F3A02-4F05-4223-BFF0-C3A94F8DC286}.Debug|Any CPU.Build.0 = Debug|Any CPU
		{277F3A02-4F05-4223-BFF0-C3A94F8DC286}.Release|Any CPU.ActiveCfg = Release|Any CPU
		{277F3A02-4F05-4223-BFF0-C3A94F8DC286}.Release|Any CPU.Build.0 = Release|Any CPU
		{C0C75459-CB7A-4947-8905-8199EE7FCF16}.Debug|Any CPU.ActiveCfg = Debug|Any CPU
		{C0C75459-CB7A-4947-8905-8199EE7FCF16}.Debug|Any CPU.Build.0 = Debug|Any CPU
		{C0C75459-CB7A-4947-8905-8199EE7FCF16}.Release|Any CPU.ActiveCfg = Release|Any CPU
		{C0C75459-CB7A-4947-8905-8199EE7FCF16}.Release|Any CPU.Build.0 = Release|Any CPU
		{A129A38F-425B-46C7-888C-B92E36C21FA5}.Debug|Any CPU.ActiveCfg = Debug|Any CPU
		{A129A38F-425B-46C7-888C-B92E36C21FA5}.Debug|Any CPU.Build.0 = Debug|Any CPU
		{A129A38F-425B-46C7-888C-B92E36C21FA5}.Release|Any CPU.ActiveCfg = Release|Any CPU
		{A129A38F-425B-46C7-888C-B92E36C21FA5}.Release|Any CPU.Build.0 = Release|Any CPU
		{B32C7750-1E41-482E-8DE5-7DD996E54790}.Debug|Any CPU.ActiveCfg = Debug|Any CPU
		{B32C7750-1E41-482E-8DE5-7DD996E54790}.Debug|Any CPU.Build.0 = Debug|Any CPU
		{B32C7750-1E41-482E-8DE5-7DD996E54790}.Release|Any CPU.ActiveCfg = Release|Any CPU
		{B32C7750-1E41-482E-8DE5-7DD996E54790}.Release|Any CPU.Build.0 = Release|Any CPU
		{F028893C-6E00-43F6-8322-F2E3579C771C}.Debug|Any CPU.ActiveCfg = Debug|Any CPU
		{F028893C-6E00-43F6-8322-F2E3579C771C}.Debug|Any CPU.Build.0 = Debug|Any CPU
		{F028893C-6E00-43F6-8322-F2E3579C771C}.Release|Any CPU.ActiveCfg = Release|Any CPU
		{F028893C-6E00-43F6-8322-F2E3579C771C}.Release|Any CPU.Build.0 = Release|Any CPU
		{0D523C80-5CF5-43F2-ADDE-0C0934F82F73}.Debug|Any CPU.ActiveCfg = Debug|Any CPU
		{0D523C80-5CF5-43F2-ADDE-0C0934F82F73}.Debug|Any CPU.Build.0 = Debug|Any CPU
		{0D523C80-5CF5-43F2-ADDE-0C0934F82F73}.Release|Any CPU.ActiveCfg = Release|Any CPU
		{0D523C80-5CF5-43F2-ADDE-0C0934F82F73}.Release|Any CPU.Build.0 = Release|Any CPU
		{3F8329FD-5988-49A5-A32C-EC7A00E59B95}.Debug|Any CPU.ActiveCfg = Debug|Any CPU
		{3F8329FD-5988-49A5-A32C-EC7A00E59B95}.Debug|Any CPU.Build.0 = Debug|Any CPU
		{3F8329FD-5988-49A5-A32C-EC7A00E59B95}.Release|Any CPU.ActiveCfg = Release|Any CPU
		{3F8329FD-5988-49A5-A32C-EC7A00E59B95}.Release|Any CPU.Build.0 = Release|Any CPU
		{14C25016-DCA3-4F8C-BFD2-E4275DFC67F7}.Debug|Any CPU.ActiveCfg = Debug|Any CPU
		{14C25016-DCA3-4F8C-BFD2-E4275DFC67F7}.Debug|Any CPU.Build.0 = Debug|Any CPU
		{14C25016-DCA3-4F8C-BFD2-E4275DFC67F7}.Release|Any CPU.ActiveCfg = Release|Any CPU
		{14C25016-DCA3-4F8C-BFD2-E4275DFC67F7}.Release|Any CPU.Build.0 = Release|Any CPU
		{E6EDD6CC-49E7-418F-9331-F228DBDA3F0D}.Debug|Any CPU.ActiveCfg = Debug|Any CPU
		{E6EDD6CC-49E7-418F-9331-F228DBDA3F0D}.Debug|Any CPU.Build.0 = Debug|Any CPU
		{E6EDD6CC-49E7-418F-9331-F228DBDA3F0D}.Release|Any CPU.ActiveCfg = Release|Any CPU
		{E6EDD6CC-49E7-418F-9331-F228DBDA3F0D}.Release|Any CPU.Build.0 = Release|Any CPU
	EndGlobalSection
	GlobalSection(SolutionProperties) = preSolution
		HideSolutionNode = FALSE
	EndGlobalSection
	GlobalSection(ExtensibilityGlobals) = postSolution
		SolutionGuid = {91B4BC45-A111-4361-9694-59AF4F1F7774}
	EndGlobalSection
EndGlobal
