
Microsoft Visual Studio Solution File, Format Version 12.00
# Visual Studio Version 17
VisualStudioVersion = 17.11.35327.3
MinimumVisualStudioVersion = 10.0.40219.1
Project("{9A19103F-16F7-4668-BE54-9A1E7A4F7556}") = "01_IfElse", "01_IfElse\01_IfElse.csproj", "{968DAA01-E05F-41B7-B358-02E44978E04D}"
EndProject
Project("{9A19103F-16F7-4668-BE54-9A1E7A4F7556}") = "02_IfIf", "02_IfIf\02_IfIf.csproj", "{6477B11E-7DBD-4053-B885-191506FB453D}"
EndProject
Project("{9A19103F-16F7-4668-BE54-9A1E7A4F7556}") = "03_Switch", "03_Switch\03_Switch.csproj", "{ACF86EBF-8F5B-4718-B8D2-ABBC63ABA874}"
EndProject
Project("{9A19103F-16F7-4668-BE54-9A1E7A4F7556}") = "04_Switch2", "04_Switch2\04_Switch2.csproj", "{1CD313C3-E0AB-4980-907D-AD957AF6C745}"
EndProject
Project("{9A19103F-16F7-4668-BE54-9A1E7A4F7556}") = "05_SwitchExp", "05_SwitchExp\05_SwitchExp.csproj", "{D5AC217E-C224-4DCF-8000-F4CBFB7D10B4}"
EndProject
Project("{9A19103F-16F7-4668-BE54-9A1E7A4F7556}") = "06_While", "06_While\06_While.csproj", "{73F70DCF-F1DB-4A13-9678-25E62597A1E3}"
EndProject
Project("{9A19103F-16F7-4668-BE54-9A1E7A4F7556}") = "07_DoWhile", "07_DoWhile\07_DoWhile.csproj", "{4F45712F-96A3-4B6B-8771-1AB477E2051B}"
EndProject
Project("{9A19103F-16F7-4668-BE54-9A1E7A4F7556}") = "08_For", "08_For\08_For.csproj", "{FD60B469-621A-4EEA-A07B-982D674D1EDA}"
EndProject
Project("{9A19103F-16F7-4668-BE54-9A1E7A4F7556}") = "09_ForFor", "09_ForFor\09_ForFor.csproj", "{DBFAC836-F1C3-4D81-A942-103B07CEF707}"
EndProject
Project("{9A19103F-16F7-4668-BE54-9A1E7A4F7556}") = "10_ForEach", "10_ForEach\10_ForEach.csproj", "{E5AE2029-3864-44B1-87F2-D3F8E52C3BA7}"
EndProject
Project("{9A19103F-16F7-4668-BE54-9A1E7A4F7556}") = "11_InfiniteFor", "11_InfiniteFor\11_InfiniteFor.csproj", "{61D88780-60D7-409E-A711-AF32724ECA02}"
EndProject
Project("{9A19103F-16F7-4668-BE54-9A1E7A4F7556}") = "12_InfiniteWhile", "12_InfiniteWhile\12_InfiniteWhile.csproj", "{B60D496E-29DC-44D1-8C68-D77862C46AA9}"
EndProject
Project("{9A19103F-16F7-4668-BE54-9A1E7A4F7556}") = "13_Break", "13_Break\13_Break.csproj", "{D621C7A2-C33E-4EA8-89E0-9059812DEF8B}"
EndProject
Project("{9A19103F-16F7-4668-BE54-9A1E7A4F7556}") = "14_Continue", "14_Continue\14_Continue.csproj", "{55AFC01C-E762-494A-8BC0-C2451B78918B}"
EndProject
Project("{FAE04EC0-301F-11D3-BF4B-00C04F79EFBC}") = "15_Goto", "15_Goto\15_Goto.csproj", "{E6AB4CAF-5A52-48E2-BDE8-B02EF5C637BF}"
EndProject
Global
	GlobalSection(SolutionConfigurationPlatforms) = preSolution
		Debug|Any CPU = Debug|Any CPU
		Release|Any CPU = Release|Any CPU
	EndGlobalSection
	GlobalSection(ProjectConfigurationPlatforms) = postSolution
		{968DAA01-E05F-41B7-B358-02E44978E04D}.Debug|Any CPU.ActiveCfg = Debug|Any CPU
		{968DAA01-E05F-41B7-B358-02E44978E04D}.Debug|Any CPU.Build.0 = Debug|Any CPU
		{968DAA01-E05F-41B7-B358-02E44978E04D}.Release|Any CPU.ActiveCfg = Release|Any CPU
		{968DAA01-E05F-41B7-B358-02E44978E04D}.Release|Any CPU.Build.0 = Release|Any CPU
		{6477B11E-7DBD-4053-B885-191506FB453D}.Debug|Any CPU.ActiveCfg = Debug|Any CPU
		{6477B11E-7DBD-4053-B885-191506FB453D}.Debug|Any CPU.Build.0 = Debug|Any CPU
		{6477B11E-7DBD-4053-B885-191506FB453D}.Release|Any CPU.ActiveCfg = Release|Any CPU
		{6477B11E-7DBD-4053-B885-191506FB453D}.Release|Any CPU.Build.0 = Release|Any CPU
		{ACF86EBF-8F5B-4718-B8D2-ABBC63ABA874}.Debug|Any CPU.ActiveCfg = Debug|Any CPU
		{ACF86EBF-8F5B-4718-B8D2-ABBC63ABA874}.Debug|Any CPU.Build.0 = Debug|Any CPU
		{ACF86EBF-8F5B-4718-B8D2-ABBC63ABA874}.Release|Any CPU.ActiveCfg = Release|Any CPU
		{ACF86EBF-8F5B-4718-B8D2-ABBC63ABA874}.Release|Any CPU.Build.0 = Release|Any CPU
		{1CD313C3-E0AB-4980-907D-AD957AF6C745}.Debug|Any CPU.ActiveCfg = Debug|Any CPU
		{1CD313C3-E0AB-4980-907D-AD957AF6C745}.Debug|Any CPU.Build.0 = Debug|Any CPU
		{1CD313C3-E0AB-4980-907D-AD957AF6C745}.Release|Any CPU.ActiveCfg = Release|Any CPU
		{1CD313C3-E0AB-4980-907D-AD957AF6C745}.Release|Any CPU.Build.0 = Release|Any CPU
		{D5AC217E-C224-4DCF-8000-F4CBFB7D10B4}.Debug|Any CPU.ActiveCfg = Debug|Any CPU
		{D5AC217E-C224-4DCF-8000-F4CBFB7D10B4}.Debug|Any CPU.Build.0 = Debug|Any CPU
		{D5AC217E-C224-4DCF-8000-F4CBFB7D10B4}.Release|Any CPU.ActiveCfg = Release|Any CPU
		{D5AC217E-C224-4DCF-8000-F4CBFB7D10B4}.Release|Any CPU.Build.0 = Release|Any CPU
		{73F70DCF-F1DB-4A13-9678-25E62597A1E3}.Debug|Any CPU.ActiveCfg = Debug|Any CPU
		{73F70DCF-F1DB-4A13-9678-25E62597A1E3}.Debug|Any CPU.Build.0 = Debug|Any CPU
		{73F70DCF-F1DB-4A13-9678-25E62597A1E3}.Release|Any CPU.ActiveCfg = Release|Any CPU
		{73F70DCF-F1DB-4A13-9678-25E62597A1E3}.Release|Any CPU.Build.0 = Release|Any CPU
		{4F45712F-96A3-4B6B-8771-1AB477E2051B}.Debug|Any CPU.ActiveCfg = Debug|Any CPU
		{4F45712F-96A3-4B6B-8771-1AB477E2051B}.Debug|Any CPU.Build.0 = Debug|Any CPU
		{4F45712F-96A3-4B6B-8771-1AB477E2051B}.Release|Any CPU.ActiveCfg = Release|Any CPU
		{4F45712F-96A3-4B6B-8771-1AB477E2051B}.Release|Any CPU.Build.0 = Release|Any CPU
		{FD60B469-621A-4EEA-A07B-982D674D1EDA}.Debug|Any CPU.ActiveCfg = Debug|Any CPU
		{FD60B469-621A-4EEA-A07B-982D674D1EDA}.Debug|Any CPU.Build.0 = Debug|Any CPU
		{FD60B469-621A-4EEA-A07B-982D674D1EDA}.Release|Any CPU.ActiveCfg = Release|Any CPU
		{FD60B469-621A-4EEA-A07B-982D674D1EDA}.Release|Any CPU.Build.0 = Release|Any CPU
		{DBFAC836-F1C3-4D81-A942-103B07CEF707}.Debug|Any CPU.ActiveCfg = Debug|Any CPU
		{DBFAC836-F1C3-4D81-A942-103B07CEF707}.Debug|Any CPU.Build.0 = Debug|Any CPU
		{DBFAC836-F1C3-4D81-A942-103B07CEF707}.Release|Any CPU.ActiveCfg = Release|Any CPU
		{DBFAC836-F1C3-4D81-A942-103B07CEF707}.Release|Any CPU.Build.0 = Release|Any CPU
		{E5AE2029-3864-44B1-87F2-D3F8E52C3BA7}.Debug|Any CPU.ActiveCfg = Debug|Any CPU
		{E5AE2029-3864-44B1-87F2-D3F8E52C3BA7}.Debug|Any CPU.Build.0 = Debug|Any CPU
		{E5AE2029-3864-44B1-87F2-D3F8E52C3BA7}.Release|Any CPU.ActiveCfg = Release|Any CPU
		{E5AE2029-3864-44B1-87F2-D3F8E52C3BA7}.Release|Any CPU.Build.0 = Release|Any CPU
		{61D88780-60D7-409E-A711-AF32724ECA02}.Debug|Any CPU.ActiveCfg = Debug|Any CPU
		{61D88780-60D7-409E-A711-AF32724ECA02}.Debug|Any CPU.Build.0 = Debug|Any CPU
		{61D88780-60D7-409E-A711-AF32724ECA02}.Release|Any CPU.ActiveCfg = Release|Any CPU
		{61D88780-60D7-409E-A711-AF32724ECA02}.Release|Any CPU.Build.0 = Release|Any CPU
		{B60D496E-29DC-44D1-8C68-D77862C46AA9}.Debug|Any CPU.ActiveCfg = Debug|Any CPU
		{B60D496E-29DC-44D1-8C68-D77862C46AA9}.Debug|Any CPU.Build.0 = Debug|Any CPU
		{B60D496E-29DC-44D1-8C68-D77862C46AA9}.Release|Any CPU.ActiveCfg = Release|Any CPU
		{B60D496E-29DC-44D1-8C68-D77862C46AA9}.Release|Any CPU.Build.0 = Release|Any CPU
		{D621C7A2-C33E-4EA8-89E0-9059812DEF8B}.Debug|Any CPU.ActiveCfg = Debug|Any CPU
		{D621C7A2-C33E-4EA8-89E0-9059812DEF8B}.Debug|Any CPU.Build.0 = Debug|Any CPU
		{D621C7A2-C33E-4EA8-89E0-9059812DEF8B}.Release|Any CPU.ActiveCfg = Release|Any CPU
		{D621C7A2-C33E-4EA8-89E0-9059812DEF8B}.Release|Any CPU.Build.0 = Release|Any CPU
		{55AFC01C-E762-494A-8BC0-C2451B78918B}.Debug|Any CPU.ActiveCfg = Debug|Any CPU
		{55AFC01C-E762-494A-8BC0-C2451B78918B}.Debug|Any CPU.Build.0 = Debug|Any CPU
		{55AFC01C-E762-494A-8BC0-C2451B78918B}.Release|Any CPU.ActiveCfg = Release|Any CPU
		{55AFC01C-E762-494A-8BC0-C2451B78918B}.Release|Any CPU.Build.0 = Release|Any CPU
		{E6AB4CAF-5A52-48E2-BDE8-B02EF5C637BF}.Debug|Any CPU.ActiveCfg = Debug|Any CPU
		{E6AB4CAF-5A52-48E2-BDE8-B02EF5C637BF}.Debug|Any CPU.Build.0 = Debug|Any CPU
		{E6AB4CAF-5A52-48E2-BDE8-B02EF5C637BF}.Release|Any CPU.ActiveCfg = Release|Any CPU
		{E6AB4CAF-5A52-48E2-BDE8-B02EF5C637BF}.Release|Any CPU.Build.0 = Release|Any CPU
	EndGlobalSection
	GlobalSection(SolutionProperties) = preSolution
		HideSolutionNode = FALSE
	EndGlobalSection
	GlobalSection(ExtensibilityGlobals) = postSolution
		SolutionGuid = {C0EA0A0A-93E2-4489-8319-642DB885733C}
	EndGlobalSection
EndGlobal
